{
	"archiveVersion": "1",
	"classes": {},
	"objectVersion": "54",
	"objects": {
		"014D2106-CCBC-4A99-ABC1-C5C988A71C5A": {
			"explicitFileType": "sourcecode.c.h",
			"fileEncoding": "4",
			"isa": "PBXFileReference",
			"name": "ofxLabel.h",
			"path": "/Users/nuoyi/Desktop/of_v0.12.0_osx_release/addons/ofxGui/src/ofxLabel.h",
			"sourceTree": "SOURCE_ROOT"
		},
		"06FBC52C-5138-4405-836E-094DE896F5A6": {
			"children": [
				"AD7C9EA6-50BA-4895-AFA5-FA044929956D"
			],
			"isa": "PBXGroup",
			"name": "ofxGui",
			"sourceTree": "SOURCE_ROOT"
		},
		"0F6345BE-0C45-4EA8-B6A8-535F52B2E957": {
			"explicitFileType": "sourcecode.cpp.cpp",
			"fileEncoding": "4",
			"isa": "PBXFileReference",
			"name": "ofxLabel.cpp",
			"path": "/Users/nuoyi/Desktop/of_v0.12.0_osx_release/addons/ofxGui/src/ofxLabel.cpp",
			"sourceTree": "SOURCE_ROOT"
		},
		"17567B39-0037-4380-96A6-81C6D46CF2D9": {
			"explicitFileType": "sourcecode.cpp.cpp",
			"fileEncoding": "4",
			"isa": "PBXFileReference",
			"name": "ofxBaseGui.cpp",
			"path": "/Users/nuoyi/Desktop/of_v0.12.0_osx_release/addons/ofxGui/src/ofxBaseGui.cpp",
			"sourceTree": "SOURCE_ROOT"
		},
		"191CD6FA2847E21E0085CBB6": {
			"fileEncoding": "4",
			"isa": "PBXFileReference",
			"lastKnownFileType": "text.plist.entitlements",
			"path": "of.entitlements",
			"sourceTree": "<group>"
		},
		"191EF70929D778A400F35F26": {
			"isa": "PBXFileReference",
			"lastKnownFileType": "folder",
			"name": "openFrameworks",
			"path": "/Users/nuoyi/Desktop/of_v0.12.0_osx_release/libs/openFrameworks",
			"sourceTree": "SOURCE_ROOT"
		},
		"19B789C429E5AB4A0082E9B8": {
			"buildActionMask": "2147483647",
			"files": [],
			"inputFileListPaths": [],
			"inputPaths": [],
			"isa": "PBXShellScriptBuildPhase",
			"outputFileListPaths": [],
			"outputPaths": [],
			"runOnlyForDeploymentPostprocessing": "0",
			"shellPath": "/bin/sh",
			"shellScript": "\"$OF_PATH/scripts/osx/xcode_project.sh\"\n",
			"showEnvVarsInLog": "0"
		},
		"1A04DEDE-A02D-46A2-9A61-707CDB471723": {
			"fileRef": "20B7ECF6-1D5C-45D9-8E04-564BEC745186",
			"isa": "PBXBuildFile"
		},
		"20B7ECF6-1D5C-45D9-8E04-564BEC745186": {
			"explicitFileType": "sourcecode.cpp.cpp",
			"fileEncoding": "4",
			"isa": "PBXFileReference",
			"name": "ofxPanel.cpp",
			"path": "/Users/nuoyi/Desktop/of_v0.12.0_osx_release/addons/ofxGui/src/ofxPanel.cpp",
			"sourceTree": "SOURCE_ROOT"
		},
		"21ADDB26-FE89-430E-A2F0-E1BF2242A6A3": {
			"fileRef": "EDC6C8E0-B5BA-444F-BEA5-AF99227A9F03",
			"isa": "PBXBuildFile"
		},
		"2A9785C1-0391-480E-A7D6-FD8FA51294E8": {
			"explicitFileType": "sourcecode.c.h",
			"fileEncoding": "4",
			"isa": "PBXFileReference",
			"name": "ofxToggle.h",
			"path": "/Users/nuoyi/Desktop/of_v0.12.0_osx_release/addons/ofxGui/src/ofxToggle.h",
			"sourceTree": "SOURCE_ROOT"
		},
		"3C0C80AD-BFEC-4905-A486-2765E408A047": {
			"explicitFileType": "sourcecode.cpp.cpp",
			"fileEncoding": "4",
			"isa": "PBXFileReference",
			"name": "ofxGuiGroup.cpp",
			"path": "/Users/nuoyi/Desktop/of_v0.12.0_osx_release/addons/ofxGui/src/ofxGuiGroup.cpp",
			"sourceTree": "SOURCE_ROOT"
		},
		"3C114E2C-A9DC-4973-895B-B2496FCB1EDD": {
			"fileRef": "3C0C80AD-BFEC-4905-A486-2765E408A047",
			"isa": "PBXBuildFile"
		},
		"59343AB1-AAF7-46DF-AE37-518A9B9615E0": {
			"explicitFileType": "sourcecode.cpp.cpp",
			"fileEncoding": "4",
			"isa": "PBXFileReference",
			"name": "ofxSlider.cpp",
			"path": "/Users/nuoyi/Desktop/of_v0.12.0_osx_release/addons/ofxGui/src/ofxSlider.cpp",
			"sourceTree": "SOURCE_ROOT"
		},
		"60D23F10-2117-440E-AC36-158DBC557EDD": {
			"explicitFileType": "sourcecode.c.h",
			"fileEncoding": "4",
			"isa": "PBXFileReference",
			"name": "ofxInputField.h",
			"path": "/Users/nuoyi/Desktop/of_v0.12.0_osx_release/addons/ofxGui/src/ofxInputField.h",
			"sourceTree": "SOURCE_ROOT"
		},
		"7A38369A-B215-42E9-9797-E18D2E2B144F": {
			"fileRef": "918F1962-6B54-4E9A-998A-AC7B7BE9447E",
			"isa": "PBXBuildFile"
		},
		"918F1962-6B54-4E9A-998A-AC7B7BE9447E": {
			"explicitFileType": "sourcecode.cpp.cpp",
			"fileEncoding": "4",
			"isa": "PBXFileReference",
			"name": "ofxButton.cpp",
			"path": "/Users/nuoyi/Desktop/of_v0.12.0_osx_release/addons/ofxGui/src/ofxButton.cpp",
			"sourceTree": "SOURCE_ROOT"
		},
		"975BF057-9AAF-43BD-9ED2-3F68D8246CDE": {
			"fileRef": "17567B39-0037-4380-96A6-81C6D46CF2D9",
			"isa": "PBXBuildFile"
		},
		"9C77335A-34AD-4F5E-B7D7-9BBDB223C4E6": {
			"explicitFileType": "sourcecode.cpp.cpp",
			"fileEncoding": "4",
			"isa": "PBXFileReference",
			"name": "ofxToggle.cpp",
			"path": "/Users/nuoyi/Desktop/of_v0.12.0_osx_release/addons/ofxGui/src/ofxToggle.cpp",
			"sourceTree": "SOURCE_ROOT"
		},
		"A5650719-DEEA-40C0-87F3-DC8A511B8A6F": {
			"explicitFileType": "sourcecode.c.h",
			"fileEncoding": "4",
			"isa": "PBXFileReference",
			"name": "ofxColorPicker.h",
			"path": "/Users/nuoyi/Desktop/of_v0.12.0_osx_release/addons/ofxGui/src/ofxColorPicker.h",
			"sourceTree": "SOURCE_ROOT"
		},
		"A5A0C397-6E2F-4EA8-B3D7-5ED92F5C9CE5": {
			"fileRef": "0F6345BE-0C45-4EA8-B6A8-535F52B2E957",
			"isa": "PBXBuildFile"
		},
		"AA759A3A-32AE-470F-9571-7B18037B65AE": {
			"fileRef": "DC55D377-E086-4A79-9389-44F8BF1C6B48",
			"isa": "PBXBuildFile"
		},
		"AD7C9EA6-50BA-4895-AFA5-FA044929956D": {
			"children": [
				"17567B39-0037-4380-96A6-81C6D46CF2D9",
				"E735BF45-1230-43D7-A407-DA5BC8F5CC86",
				"918F1962-6B54-4E9A-998A-AC7B7BE9447E",
				"B0B283E1-028F-4299-AC72-4E019132A587",
				"EDC6C8E0-B5BA-444F-BEA5-AF99227A9F03",
				"A5650719-DEEA-40C0-87F3-DC8A511B8A6F",
				"EFBB8D49-93A8-470F-87D5-C548116AFE4B",
				"3C0C80AD-BFEC-4905-A486-2765E408A047",
				"EA02C6B9-1DDA-458C-897F-C097E294FFC2",
				"CE635DCC-9510-4CEC-90D3-B486AEE1B6A7",
				"D562AA67-B42A-420E-A773-495A770EF2A1",
				"60D23F10-2117-440E-AC36-158DBC557EDD",
				"0F6345BE-0C45-4EA8-B6A8-535F52B2E957",
				"014D2106-CCBC-4A99-ABC1-C5C988A71C5A",
				"20B7ECF6-1D5C-45D9-8E04-564BEC745186",
				"D97A87A7-514F-44B5-A32E-7DE4B2F7734B",
				"59343AB1-AAF7-46DF-AE37-518A9B9615E0",
				"CCB68DC7-58ED-4632-98D0-3ABCAD591F7B",
				"DC55D377-E086-4A79-9389-44F8BF1C6B48",
				"F5441A9F-E3BC-408F-9D33-F8F9B859BE44",
				"9C77335A-34AD-4F5E-B7D7-9BBDB223C4E6",
				"2A9785C1-0391-480E-A7D6-FD8FA51294E8"
			],
			"isa": "PBXGroup",
			"name": "src",
			"sourceTree": "SOURCE_ROOT"
		},
		"B0B283E1-028F-4299-AC72-4E019132A587": {
			"explicitFileType": "sourcecode.c.h",
			"fileEncoding": "4",
			"isa": "PBXFileReference",
			"name": "ofxButton.h",
			"path": "/Users/nuoyi/Desktop/of_v0.12.0_osx_release/addons/ofxGui/src/ofxButton.h",
			"sourceTree": "SOURCE_ROOT"
		},
		"BB4B014C10F69532006C3DED": {
			"children": [
				"06FBC52C-5138-4405-836E-094DE896F5A6"
			],
			"isa": "PBXGroup",
			"name": "addons",
			"path": "/Users/nuoyi/Desktop/of_v0.12.0_osx_release/addons",
			"sourceTree": "<group>"
		},
		"C1C95201-1FE5-4072-89CB-6516CC4162B3": {
			"fileRef": "D562AA67-B42A-420E-A773-495A770EF2A1",
			"isa": "PBXBuildFile"
		},
		"C83A6E84-6F56-4EC9-A4DE-38C9B9FCC378": {
			"fileRef": "9C77335A-34AD-4F5E-B7D7-9BBDB223C4E6",
			"isa": "PBXBuildFile"
		},
		"CCB68DC7-58ED-4632-98D0-3ABCAD591F7B": {
			"explicitFileType": "sourcecode.c.h",
			"fileEncoding": "4",
			"isa": "PBXFileReference",
			"name": "ofxSlider.h",
			"path": "/Users/nuoyi/Desktop/of_v0.12.0_osx_release/addons/ofxGui/src/ofxSlider.h",
			"sourceTree": "SOURCE_ROOT"
		},
		"CE635DCC-9510-4CEC-90D3-B486AEE1B6A7": {
			"explicitFileType": "sourcecode.c.h",
			"fileEncoding": "4",
			"isa": "PBXFileReference",
			"name": "ofxGuiUtils.h",
			"path": "/Users/nuoyi/Desktop/of_v0.12.0_osx_release/addons/ofxGui/src/ofxGuiUtils.h",
			"sourceTree": "SOURCE_ROOT"
		},
		"D4D4A424-E23E-49FA-A557-81B115894807": {
			"fileRef": "59343AB1-AAF7-46DF-AE37-518A9B9615E0",
			"isa": "PBXBuildFile"
		},
		"D562AA67-B42A-420E-A773-495A770EF2A1": {
			"explicitFileType": "sourcecode.cpp.cpp",
			"fileEncoding": "4",
			"isa": "PBXFileReference",
			"name": "ofxInputField.cpp",
			"path": "/Users/nuoyi/Desktop/of_v0.12.0_osx_release/addons/ofxGui/src/ofxInputField.cpp",
			"sourceTree": "SOURCE_ROOT"
		},
		"D97A87A7-514F-44B5-A32E-7DE4B2F7734B": {
			"explicitFileType": "sourcecode.c.h",
			"fileEncoding": "4",
			"isa": "PBXFileReference",
			"name": "ofxPanel.h",
			"path": "/Users/nuoyi/Desktop/of_v0.12.0_osx_release/addons/ofxGui/src/ofxPanel.h",
			"sourceTree": "SOURCE_ROOT"
		},
		"DC55D377-E086-4A79-9389-44F8BF1C6B48": {
			"explicitFileType": "sourcecode.cpp.cpp",
			"fileEncoding": "4",
			"isa": "PBXFileReference",
			"name": "ofxSliderGroup.cpp",
			"path": "/Users/nuoyi/Desktop/of_v0.12.0_osx_release/addons/ofxGui/src/ofxSliderGroup.cpp",
			"sourceTree": "SOURCE_ROOT"
		},
		"E42962A92163ECCD00A6A9E2": {
			"alwaysOutOfDate": "1",
			"buildActionMask": "2147483647",
			"files": [],
			"inputPaths": [],
			"isa": "PBXShellScriptBuildPhase",
			"name": "Run Script — Compile OF",
			"outputPaths": [],
			"runOnlyForDeploymentPostprocessing": "0",
			"shellPath": "/bin/sh",
			"shellScript": "echo \"💾 Compiling Openframeworks\"\nxcodebuild -project \"$OF_PATH/libs/openFrameworksCompiled/project/osx/openFrameworksLib.xcodeproj\" -target openFrameworks -configuration \"${CONFIGURATION}\"  CLANG_CXX_LANGUAGE_STANDARD=$CLANG_CXX_LANGUAGE_STANDARD MACOSX_DEPLOYMENT_TARGET=$MACOSX_DEPLOYMENT_TARGET GCC_PREPROCESSOR_DEFINITIONS=$USER_PREPROCESSOR_DEFINITIONS\n",
			"showEnvVarsInLog": "0"
		},
		"E4A5B60F29BAAAE400C2D356": {
			"buildActionMask": "2147483647",
			"dstPath": "",
			"dstSubfolderSpec": "6",
			"files": [],
			"isa": "PBXCopyFilesBuildPhase",
			"runOnlyForDeploymentPostprocessing": "0"
		},
		"E4B69B4A0A3A1720003C02F2": {
			"children": [
				"191CD6FA2847E21E0085CBB6",
				"E4B6FCAD0C3E899E008CF71C",
				"E4EB6923138AFD0F00A09F29",
				"E4B69E1C0A3A1BDC003C02F2",
				"191EF70929D778A400F35F26",
				"BB4B014C10F69532006C3DED",
				"E4B69B5B0A3A1756003C02F2"
			],
			"isa": "PBXGroup",
			"sourceTree": "<group>"
		},
		"E4B69B4C0A3A1720003C02F2": {
			"attributes": {
				"LastUpgradeCheck": "0600"
			},
			"buildConfigurationList": "E4B69B4D0A3A1720003C02F2",
			"compatibilityVersion": "Xcode 3.2",
			"developmentRegion": "en",
			"hasScannedForEncodings": "0",
			"isa": "PBXProject",
			"knownRegions": [
				"en",
				"Base"
			],
			"mainGroup": "E4B69B4A0A3A1720003C02F2",
			"productRefGroup": "E4B69B4A0A3A1720003C02F2",
			"projectDirPath": "",
			"projectRoot": "",
			"targets": [
				"E4B69B5A0A3A1756003C02F2"
			]
		},
		"E4B69B4D0A3A1720003C02F2": {
			"buildConfigurations": [
				"E4B69B4E0A3A1720003C02F2",
				"E4B69B4F0A3A1720003C02F2"
			],
			"defaultConfigurationIsVisible": "0",
			"defaultConfigurationName": "Release",
			"isa": "XCConfigurationList"
		},
		"E4B69B4E0A3A1720003C02F2": {
			"baseConfigurationReference": "E4EB6923138AFD0F00A09F29",
			"buildSettings": {
				"CODE_SIGN_ENTITLEMENTS": "of.entitlements",
				"COPY_PHASE_STRIP": "NO",
				"ENABLE_TESTABILITY": "YES",
				"GCC_OPTIMIZATION_LEVEL": "0",
				"GCC_WARN_UNUSED_VARIABLE": "NO",
				"HEADER_SEARCH_PATHS": [
					"$(OF_CORE_HEADERS)",
					"src"
				],
				"OTHER_CPLUSPLUSFLAGS": "-D__MACOSX_CORE__"
			},
			"isa": "XCBuildConfiguration",
			"name": "Debug"
		},
		"E4B69B4F0A3A1720003C02F2": {
			"baseConfigurationReference": "E4EB6923138AFD0F00A09F29",
			"buildSettings": {
				"CODE_SIGN_ENTITLEMENTS": "of.entitlements",
				"COPY_PHASE_STRIP": "YES",
				"GCC_OPTIMIZATION_LEVEL": "3",
				"GCC_UNROLL_LOOPS": "YES",
				"HEADER_SEARCH_PATHS": [
					"$(OF_CORE_HEADERS)",
					"src"
				],
				"OTHER_CPLUSPLUSFLAGS": "-D__MACOSX_CORE__"
			},
			"isa": "XCBuildConfiguration",
			"name": "Release"
		},
		"E4B69B580A3A1756003C02F2": {
			"buildActionMask": "2147483647",
			"files": [
				"E4B69E200A3A1BDC003C02F2",
				"E4B69E210A3A1BDC003C02F2",
				"975BF057-9AAF-43BD-9ED2-3F68D8246CDE",
				"7A38369A-B215-42E9-9797-E18D2E2B144F",
				"21ADDB26-FE89-430E-A2F0-E1BF2242A6A3",
				"3C114E2C-A9DC-4973-895B-B2496FCB1EDD",
				"C1C95201-1FE5-4072-89CB-6516CC4162B3",
				"A5A0C397-6E2F-4EA8-B3D7-5ED92F5C9CE5",
				"1A04DEDE-A02D-46A2-9A61-707CDB471723",
				"D4D4A424-E23E-49FA-A557-81B115894807",
				"AA759A3A-32AE-470F-9571-7B18037B65AE",
				"C83A6E84-6F56-4EC9-A4DE-38C9B9FCC378"
			],
			"isa": "PBXSourcesBuildPhase",
			"runOnlyForDeploymentPostprocessing": "0"
		},
		"E4B69B590A3A1756003C02F2": {
			"buildActionMask": "2147483647",
			"files": [],
			"isa": "PBXFrameworksBuildPhase",
			"runOnlyForDeploymentPostprocessing": "0"
		},
		"E4B69B5A0A3A1756003C02F2": {
			"buildConfigurationList": "E4B69B5F0A3A1757003C02F2",
			"buildPhases": [
				"E42962A92163ECCD00A6A9E2",
				"E4B69B580A3A1756003C02F2",
				"E4B69B590A3A1756003C02F2",
				"E4C2427710CC5ABF004149E2",
				"E4A5B60F29BAAAE400C2D356",
				"19B789C429E5AB4A0082E9B8"
			],
			"buildRules": [],
			"dependencies": [],
			"isa": "PBXNativeTarget",
			"name": "mtchoose1",
			"productName": "myOFApp",
			"productReference": "E4B69B5B0A3A1756003C02F2",
			"productType": "com.apple.product-type.application"
		},
		"E4B69B5B0A3A1756003C02F2": {
			"explicitFileType": "wrapper.application",
			"includeInIndex": "0",
			"isa": "PBXFileReference",
			"path": "mtchoose1Debug.app",
			"sourceTree": "BUILT_PRODUCTS_DIR"
		},
		"E4B69B5F0A3A1757003C02F2": {
			"buildConfigurations": [
				"E4B69B600A3A1757003C02F2",
				"E4B69B610A3A1757003C02F2"
			],
			"defaultConfigurationIsVisible": "0",
			"defaultConfigurationName": "Release",
			"isa": "XCConfigurationList"
		},
		"E4B69B600A3A1757003C02F2": {
			"baseConfigurationReference": "E4EB6923138AFD0F00A09F29",
			"buildSettings": {
				"ARCHS": "$(ARCHS_STANDARD)",
				"COPY_PHASE_STRIP": "NO",
				"FRAMEWORK_SEARCH_PATHS": "$(inherited)",
				"GCC_DYNAMIC_NO_PIC": "NO",
				"HEADER_SEARCH_PATHS": [
					"$(OF_CORE_HEADERS)",
					"src",
					"/Users/nuoyi/Desktop/of_v0.12.0_osx_release/addons/ofxGui/src"
				],
				"LIBRARY_SEARCH_PATHS": "$(inherited)",
				"OTHER_LDFLAGS": [
					"$(OF_CORE_LIBS)",
					"$(OF_CORE_FRAMEWORKS)",
					"$(LIB_OF_DEBUG)"
				]
			},
			"isa": "XCBuildConfiguration",
			"name": "Debug"
		},
		"E4B69B610A3A1757003C02F2": {
			"baseConfigurationReference": "E4EB6923138AFD0F00A09F29",
			"buildSettings": {
				"ARCHS": "$(ARCHS_STANDARD)",
				"COPY_PHASE_STRIP": "YES",
				"FRAMEWORK_SEARCH_PATHS": "$(inherited)",
				"HEADER_SEARCH_PATHS": [
					"$(OF_CORE_HEADERS)",
					"src",
					"/Users/nuoyi/Desktop/of_v0.12.0_osx_release/addons/ofxGui/src"
				],
				"LIBRARY_SEARCH_PATHS": "$(inherited)",
				"OTHER_LDFLAGS": [
					"$(OF_CORE_LIBS)",
					"$(OF_CORE_FRAMEWORKS)",
					"$(LIB_OF)"
				],
				"baseConfigurationReference": "E4EB6923138AFD0F00A09F29"
			},
			"isa": "XCBuildConfiguration",
			"name": "Release"
		},
		"E4B69E1C0A3A1BDC003C02F2": {
			"children": [
				"E4B69E1D0A3A1BDC003C02F2",
				"E4B69E1E0A3A1BDC003C02F2",
				"E4B69E1F0A3A1BDC003C02F2"
			],
			"isa": "PBXGroup",
			"path": "src",
			"sourceTree": "SOURCE_ROOT"
		},
		"E4B69E1D0A3A1BDC003C02F2": {
			"fileEncoding": "4",
			"isa": "PBXFileReference",
			"lastKnownFileType": "sourcecode.cpp.cpp",
			"name": "main.cpp",
			"path": "src/main.cpp",
			"sourceTree": "SOURCE_ROOT"
		},
		"E4B69E1E0A3A1BDC003C02F2": {
			"explicitFileType": "sourcecode.cpp.cpp",
			"fileEncoding": "4",
			"isa": "PBXFileReference",
			"name": "ofApp.cpp",
			"path": "src/ofApp.cpp",
			"sourceTree": "SOURCE_ROOT"
		},
		"E4B69E1F0A3A1BDC003C02F2": {
			"fileEncoding": "4",
			"isa": "PBXFileReference",
			"lastKnownFileType": "sourcecode.c.h",
			"name": "ofApp.h",
			"path": "src/ofApp.h",
			"sourceTree": "SOURCE_ROOT"
		},
		"E4B69E200A3A1BDC003C02F2": {
			"fileRef": "E4B69E1D0A3A1BDC003C02F2",
			"isa": "PBXBuildFile"
		},
		"E4B69E210A3A1BDC003C02F2": {
			"fileRef": "E4B69E1E0A3A1BDC003C02F2",
			"isa": "PBXBuildFile"
		},
		"E4B6FCAD0C3E899E008CF71C": {
			"fileEncoding": "4",
			"isa": "PBXFileReference",
			"lastKnownFileType": "text.plist.xml",
			"path": "openFrameworks-Info.plist",
			"sourceTree": "<group>"
		},
		"E4C2427710CC5ABF004149E2": {
			"buildActionMask": "2147483647",
			"dstPath": "",
			"dstSubfolderSpec": "10",
			"files": [],
			"isa": "PBXCopyFilesBuildPhase",
			"runOnlyForDeploymentPostprocessing": "0"
		},
		"E4EB6923138AFD0F00A09F29": {
			"fileEncoding": "4",
			"isa": "PBXFileReference",
			"lastKnownFileType": "text.xcconfig",
			"path": "Project.xcconfig",
			"sourceTree": "<group>"
		},
		"E735BF45-1230-43D7-A407-DA5BC8F5CC86": {
			"explicitFileType": "sourcecode.c.h",
			"fileEncoding": "4",
			"isa": "PBXFileReference",
			"name": "ofxBaseGui.h",
			"path": "/Users/nuoyi/Desktop/of_v0.12.0_osx_release/addons/ofxGui/src/ofxBaseGui.h",
			"sourceTree": "SOURCE_ROOT"
		},
		"EA02C6B9-1DDA-458C-897F-C097E294FFC2": {
			"explicitFileType": "sourcecode.c.h",
			"fileEncoding": "4",
			"isa": "PBXFileReference",
			"name": "ofxGuiGroup.h",
			"path": "/Users/nuoyi/Desktop/of_v0.12.0_osx_release/addons/ofxGui/src/ofxGuiGroup.h",
			"sourceTree": "SOURCE_ROOT"
		},
		"EDC6C8E0-B5BA-444F-BEA5-AF99227A9F03": {
			"explicitFileType": "sourcecode.cpp.cpp",
			"fileEncoding": "4",
			"isa": "PBXFileReference",
			"name": "ofxColorPicker.cpp",
			"path": "/Users/nuoyi/Desktop/of_v0.12.0_osx_release/addons/ofxGui/src/ofxColorPicker.cpp",
			"sourceTree": "SOURCE_ROOT"
		},
		"EFBB8D49-93A8-470F-87D5-C548116AFE4B": {
			"explicitFileType": "sourcecode.c.h",
			"fileEncoding": "4",
			"isa": "PBXFileReference",
			"name": "ofxGui.h",
			"path": "/Users/nuoyi/Desktop/of_v0.12.0_osx_release/addons/ofxGui/src/ofxGui.h",
			"sourceTree": "SOURCE_ROOT"
		},
		"F5441A9F-E3BC-408F-9D33-F8F9B859BE44": {
			"explicitFileType": "sourcecode.c.h",
			"fileEncoding": "4",
			"isa": "PBXFileReference",
			"name": "ofxSliderGroup.h",
			"path": "/Users/nuoyi/Desktop/of_v0.12.0_osx_release/addons/ofxGui/src/ofxSliderGroup.h",
			"sourceTree": "SOURCE_ROOT"
		}
	},
	"openFrameworksProjectGeneratorVersion": "21",
	"rootObject": "E4B69B4C0A3A1720003C02F2"
}